
Microsoft Visual Studio Solution File, Format Version 12.00
# Visual Studio Version 17
VisualStudioVersion = 17.8.34330.188
MinimumVisualStudioVersion = 10.0.40219.1
Project("{9A19103F-16F7-4668-BE54-9A1E7A4F7556}") = "LiteMediator", "LiteMediator\LiteMediator.csproj", "{707E39AE-9E33-43F1-8711-7E7DF745ECA3}"
EndProject
Project("{2150E333-8FDC-42A3-9474-1A3956D46DE8}") = "samples", "samples", "{52AD8F4C-6996-4CF2-B98E-6A9B4ED3DA42}"
EndProject
Project("{2150E333-8FDC-42A3-9474-1A3956D46DE8}") = "tests", "tests", "{C33B2568-E2D0-49CA-8F5F-15EEC582CC5B}"
EndProject
Project("{2150E333-8FDC-42A3-9474-1A3956D46DE8}") = "src", "src", "{1264A8BC-A650-4342-8F90-97A7F1C0DD02}"
EndProject
Project("{9A19103F-16F7-4668-BE54-9A1E7A4F7556}") = "LiteMediator.Tests", "LiteMediator.Tests\LiteMediator.Tests\LiteMediator.Tests.csproj", "{EACC72AD-0DAD-4E0C-9E3F-51202D6CCA35}"
EndProject
Project("{9A19103F-16F7-4668-BE54-9A1E7A4F7556}") = "LiteMediator.Samples", "LiteMediator.Samples\LiteMediator.Samples\LiteMediator.Samples.csproj", "{9DFB311A-C4F9-4967-B16D-66F8CF806BEF}"
EndProject
Project("{FAE04EC0-301F-11D3-BF4B-00C04F79EFBC}") = "SourceGenerator", "SourceGenerator\SourceGenerator.csproj", "{B59769E3-8B27-49A7-A351-B7601D8F1D04}"
EndProject
Global
	GlobalSection(SolutionConfigurationPlatforms) = preSolution
		Debug|Any CPU = Debug|Any CPU
		Release|Any CPU = Release|Any CPU
	EndGlobalSection
	GlobalSection(ProjectConfigurationPlatforms) = postSolution
		{707E39AE-9E33-43F1-8711-7E7DF745ECA3}.Debug|Any CPU.ActiveCfg = Debug|Any CPU
		{707E39AE-9E33-43F1-8711-7E7DF745ECA3}.Debug|Any CPU.Build.0 = Debug|Any CPU
		{707E39AE-9E33-43F1-8711-7E7DF745ECA3}.Release|Any CPU.ActiveCfg = Release|Any CPU
		{707E39AE-9E33-43F1-8711-7E7DF745ECA3}.Release|Any CPU.Build.0 = Release|Any CPU
		{EACC72AD-0DAD-4E0C-9E3F-51202D6CCA35}.Debug|Any CPU.ActiveCfg = Debug|Any CPU
		{EACC72AD-0DAD-4E0C-9E3F-51202D6CCA35}.Debug|Any CPU.Build.0 = Debug|Any CPU
		{EACC72AD-0DAD-4E0C-9E3F-51202D6CCA35}.Release|Any CPU.ActiveCfg = Release|Any CPU
		{EACC72AD-0DAD-4E0C-9E3F-51202D6CCA35}.Release|Any CPU.Build.0 = Release|Any CPU
		{9DFB311A-C4F9-4967-B16D-66F8CF806BEF}.Debug|Any CPU.ActiveCfg = Debug|Any CPU
		{9DFB311A-C4F9-4967-B16D-66F8CF806BEF}.Debug|Any CPU.Build.0 = Debug|Any CPU
		{9DFB311A-C4F9-4967-B16D-66F8CF806BEF}.Release|Any CPU.ActiveCfg = Release|Any CPU
		{9DFB311A-C4F9-4967-B16D-66F8CF806BEF}.Release|Any CPU.Build.0 = Release|Any CPU
		{B59769E3-8B27-49A7-A351-B7601D8F1D04}.Debug|Any CPU.ActiveCfg = Debug|Any CPU
		{B59769E3-8B27-49A7-A351-B7601D8F1D04}.Debug|Any CPU.Build.0 = Debug|Any CPU
		{B59769E3-8B27-49A7-A351-B7601D8F1D04}.Release|Any CPU.ActiveCfg = Release|Any CPU
		{B59769E3-8B27-49A7-A351-B7601D8F1D04}.Release|Any CPU.Build.0 = Release|Any CPU
	EndGlobalSection
	GlobalSection(SolutionProperties) = preSolution
		HideSolutionNode = FALSE
	EndGlobalSection
	GlobalSection(NestedProjects) = preSolution
		{707E39AE-9E33-43F1-8711-7E7DF745ECA3} = {1264A8BC-A650-4342-8F90-97A7F1C0DD02}
		{EACC72AD-0DAD-4E0C-9E3F-51202D6CCA35} = {C33B2568-E2D0-49CA-8F5F-15EEC582CC5B}
		{9DFB311A-C4F9-4967-B16D-66F8CF806BEF} = {52AD8F4C-6996-4CF2-B98E-6A9B4ED3DA42}
		{B59769E3-8B27-49A7-A351-B7601D8F1D04} = {1264A8BC-A650-4342-8F90-97A7F1C0DD02}
	EndGlobalSection
	GlobalSection(ExtensibilityGlobals) = postSolution
		SolutionGuid = {1E77982B-307D-4E92-BE21-EB2156BEF0BE}
	EndGlobalSection
EndGlobal
